
Microsoft Visual Studio Solution File, Format Version 12.00
# Visual Studio Version 17
VisualStudioVersion = 17.4.33213.308
MinimumVisualStudioVersion = 10.0.40219.1
Project("{FAE04EC0-301F-11D3-BF4B-00C04F79EFBC}") = "DatabaseSqlMusicApp", "DatabaseSqlMusicApp\DatabaseSqlMusicApp.csproj", "{57ADA395-2E18-4A06-8F0E-209012BA8173}"
EndProject
Global
	GlobalSection(SolutionConfigurationPlatforms) = preSolution
		Debug|Any CPU = Debug|Any CPU
		Release|Any CPU = Release|Any CPU
	EndGlobalSection
	GlobalSection(ProjectConfigurationPlatforms) = postSolution
		{57ADA395-2E18-4A06-8F0E-209012BA8173}.Debug|Any CPU.ActiveCfg = Debug|Any CPU
		{57ADA395-2E18-4A06-8F0E-209012BA8173}.Debug|Any CPU.Build.0 = Debug|Any CPU
		{57ADA395-2E18-4A06-8F0E-209012BA8173}.Release|Any CPU.ActiveCfg = Release|Any CPU
		{57ADA395-2E18-4A06-8F0E-209012BA8173}.Release|Any CPU.Build.0 = Release|Any CPU
	EndGlobalSection
	GlobalSection(SolutionProperties) = preSolution
		HideSolutionNode = FALSE
	EndGlobalSection
	GlobalSection(ExtensibilityGlobals) = postSolution
		SolutionGuid = {76BB7FFB-4A5C-4DD2-A16E-95FB34D11787}
	EndGlobalSection
EndGlobal
